version = 1
revision = 3
requires-python = ">=3.12"

[[package]]
name = "colorama"
version = "0.4.6"
source = { registry = "https://pypi.org/simple" }
sdist = { url = "https://files.pythonhosted.org/packages/d8/53/6f443c9a4a8358a93a6792e2acffb9d9d5cb0a5cfd8802644b7b1c9a02e4/colorama-0.4.6.tar.gz", hash = "sha256:08695f5cb7ed6e0531a20572697297273c47b8cae5a63ffc6d6ed5c201be6e44", size = 27697, upload-time = "2022-10-25T02:36:22.414Z" }
wheels = [
    { url = "https://files.pythonhosted.org/packages/d1/d6/3965ed04c63042e047cb6a3e6ed1a63a35087b6a609aa3a15ed8ac56c221/colorama-0.4.6-py2.py3-none-any.whl", hash = "sha256:4f1d9991f5acc0ca119f9d443620b77f9d6b33703e51011c16baf57afb285fc6", size = 25335, upload-time = "2022-10-25T02:36:20.889Z" },
]

[[package]]
name = "iniconfig"
version = "2.3.0"
source = { registry = "https://pypi.org/simple" }
sdist = { url = "https://files.pythonhosted.org/packages/72/34/14ca021ce8e5dfedc35312d08ba8bf51fdd999c576889fc2c24cb97f4f10/iniconfig-2.3.0.tar.gz", hash = "sha256:c76315c77db068650d49c5b56314774a7804df16fee4402c1f19d6d15d8c4730", size = 20503, upload-time = "2025-10-18T21:55:43.219Z" }
wheels = [
    { url = "https://files.pythonhosted.org/packages/cb/b1/3846dd7f199d53cb17f49cba7e651e9ce294d8497c8c150530ed11865bb8/iniconfig-2.3.0-py3-none-any.whl", hash = "sha256:f631c04d2c48c52b84d0d0549c99ff3859c98df65b3101406327ecc7d53fbf12", size = 7484, upload-time = "2025-10-18T21:55:41.639Z" },
]

[[package]]
name = "mud"
version = "0.1.0"
source = { editable = "." }
dependencies = [
    { name = "pygame" },
]

[package.dev-dependencies]
dev = [
    { name = "pygbag" },
    { name = "pytest" },
    { name = "ty" },
]

[package.metadata]
requires-dist = [{ name = "pygame", specifier = ">=2.6.1" }]

[package.metadata.requires-dev]
dev = [
    { name = "pygbag", specifier = ">=0.9.3" },
    { name = "pytest", specifier = ">=9.0.3" },
    { name = "ty", specifier = ">=0.0.33" },
]

[[package]]
name = "packaging"
version = "26.2"
source = { registry = "https://pypi.org/simple" }
sdist = { url = "https://files.pythonhosted.org/packages/d7/f1/e7a6dd94a8d4a5626c03e4e99c87f241ba9e350cd9e6d75123f992427270/packaging-26.2.tar.gz", hash = "sha256:ff452ff5a3e828ce110190feff1178bb1f2ea2281fa2075aadb987c2fb221661", size = 228134, upload-time = "2026-04-24T20:15:23.917Z" }
wheels = [
    { url = "https://files.pythonhosted.org/packages/df/b2/87e62e8c3e2f4b32e5fe99e0b86d576da1312593b39f47d8ceef365e95ed/packaging-26.2-py3-none-any.whl", hash = "sha256:5fc45236b9446107ff2415ce77c807cee2862cb6fac22b8a73826d0693b0980e", size = 100195, upload-time = "2026-04-24T20:15:22.081Z" },
]

[[package]]
name = "pluggy"
version = "1.6.0"
source = { registry = "https://pypi.org/simple" }
sdist = { url = "https://files.pythonhosted.org/packages/f9/e2/3e91f31a7d2b083fe6ef3fa267035b518369d9511ffab804f839851d2779/pluggy-1.6.0.tar.gz", hash = "sha256:7dcc130b76258d33b90f61b658791dede3486c3e6bfb003ee5c9bfb396dd22f3", size = 69412, upload-time = "2025-05-15T12:30:07.975Z" }
wheels = [
    { url = "https://files.pythonhosted.org/packages/54/20/4d324d65cc6d9205fabedc306948156824eb9f0ee1633355a8f7ec5c66bf/pluggy-1.6.0-py3-none-any.whl", hash = "sha256:e920276dd6813095e9377c0bc5566d94c932c33b27a3e3945d8389c374dd4746", size = 20538, upload-time = "2025-05-15T12:30:06.134Z" },
]

[[package]]
name = "pygame"
version = "2.6.1"
source = { registry = "https://pypi.org/simple" }
sdist = { url = "https://files.pythonhosted.org/packages/49/cc/08bba60f00541f62aaa252ce0cfbd60aebd04616c0b9574f755b583e45ae/pygame-2.6.1.tar.gz", hash = "sha256:56fb02ead529cee00d415c3e007f75e0780c655909aaa8e8bf616ee09c9feb1f", size = 14808125, upload-time = "2024-09-29T13:41:34.698Z" }
wheels = [
    { url = "https://files.pythonhosted.org/packages/92/16/2c602c332f45ff9526d61f6bd764db5096ff9035433e2172e2d2cadae8db/pygame-2.6.1-cp312-cp312-macosx_10_9_x86_64.whl", hash = "sha256:4ee7f2771f588c966fa2fa8b829be26698c9b4836f82ede5e4edc1a68594942e", size = 13118279, upload-time = "2024-09-29T14:26:30.427Z" },
    { url = "https://files.pythonhosted.org/packages/cd/53/77ccbc384b251c6e34bfd2e734c638233922449a7844e3c7a11ef91cee39/pygame-2.6.1-cp312-cp312-macosx_11_0_arm64.whl", hash = "sha256:c8040ea2ab18c6b255af706ec01355c8a6b08dc48d77fd4ee783f8fc46a843bf", size = 12384524, upload-time = "2024-09-29T14:26:49.996Z" },
    { url = "https://files.pythonhosted.org/packages/06/be/3ed337583f010696c3b3435e89a74fb29d0c74d0931e8f33c0a4246307a9/pygame-2.6.1-cp312-cp312-manylinux_2_17_aarch64.manylinux2014_aarch64.whl", hash = "sha256:c47a6938de93fa610accd4969e638c2aebcb29b2fca518a84c3a39d91ab47116", size = 13587123, upload-time = "2024-09-29T11:10:50.072Z" },
    { url = "https://files.pythonhosted.org/packages/fd/ca/b015586a450db59313535662991b34d24c1f0c0dc149cc5f496573900f4e/pygame-2.6.1-cp312-cp312-manylinux_2_17_i686.manylinux2014_i686.whl", hash = "sha256:33006f784e1c7d7e466fcb61d5489da59cc5f7eb098712f792a225df1d4e229d", size = 14275532, upload-time = "2024-09-29T11:39:59.356Z" },
    { url = "https://files.pythonhosted.org/packages/b9/f2/d31e6ad42d657af07be2ffd779190353f759a07b51232b9e1d724f2cda46/pygame-2.6.1-cp312-cp312-manylinux_2_17_x86_64.manylinux2014_x86_64.whl", hash = "sha256:1206125f14cae22c44565c9d333607f1d9f59487b1f1432945dfc809aeaa3e88", size = 13952653, upload-time = "2024-09-29T11:40:01.781Z" },
    { url = "https://files.pythonhosted.org/packages/f3/42/8ea2a6979e6fa971702fece1747e862e2256d4a8558fe0da6364dd946c53/pygame-2.6.1-cp312-cp312-win32.whl", hash = "sha256:84fc4054e25262140d09d39e094f6880d730199710829902f0d8ceae0213379e", size = 10252421, upload-time = "2024-09-29T11:14:26.877Z" },
    { url = "https://files.pythonhosted.org/packages/5f/90/7d766d54bb95939725e9a9361f9c06b0cfbe3fe100aa35400f0a461a278a/pygame-2.6.1-cp312-cp312-win_amd64.whl", hash = "sha256:3a9e7396be0d9633831c3f8d5d82dd63ba373ad65599628294b7a4f8a5a01a65", size = 10624591, upload-time = "2024-09-29T11:52:54.489Z" },
    { url = "https://files.pythonhosted.org/packages/e1/91/718acf3e2a9d08a6ddcc96bd02a6f63c99ee7ba14afeaff2a51c987df0b9/pygame-2.6.1-cp313-cp313-macosx_10_13_x86_64.whl", hash = "sha256:ae6039f3a55d800db80e8010f387557b528d34d534435e0871326804df2a62f2", size = 13090765, upload-time = "2024-09-29T14:27:02.377Z" },
    { url = "https://files.pythonhosted.org/packages/0e/c6/9cb315de851a7682d9c7568a41ea042ee98d668cb8deadc1dafcab6116f0/pygame-2.6.1-cp313-cp313-macosx_11_0_arm64.whl", hash = "sha256:2a3a1288e2e9b1e5834e425bedd5ba01a3cd4902b5c2bff8ed4a740ccfe98171", size = 12381704, upload-time = "2024-09-29T14:27:10.228Z" },
    { url = "https://files.pythonhosted.org/packages/9f/8f/617a1196e31ae3b46be6949fbaa95b8c93ce15e0544266198c2266cc1b4d/pygame-2.6.1-cp313-cp313-manylinux_2_17_aarch64.manylinux2014_aarch64.whl", hash = "sha256:27eb17e3dc9640e4b4683074f1890e2e879827447770470c2aba9f125f74510b", size = 13581091, upload-time = "2024-09-29T11:30:27.653Z" },
    { url = "https://files.pythonhosted.org/packages/3b/87/2851a564e40a2dad353f1c6e143465d445dab18a95281f9ea458b94f3608/pygame-2.6.1-cp313-cp313-manylinux_2_17_i686.manylinux2014_i686.whl", hash = "sha256:4c1623180e70a03c4a734deb9bac50fc9c82942ae84a3a220779062128e75f3b", size = 14273844, upload-time = "2024-09-29T11:40:04.138Z" },
    { url = "https://files.pythonhosted.org/packages/85/b5/aa23aa2e70bcba42c989c02e7228273c30f3b44b9b264abb93eaeff43ad7/pygame-2.6.1-cp313-cp313-manylinux_2_17_x86_64.manylinux2014_x86_64.whl", hash = "sha256:ef07c0103d79492c21fced9ad68c11c32efa6801ca1920ebfd0f15fb46c78b1c", size = 13951197, upload-time = "2024-09-29T11:40:06.785Z" },
    { url = "https://files.pythonhosted.org/packages/a6/06/29e939b34d3f1354738c7d201c51c250ad7abefefaf6f8332d962ff67c4b/pygame-2.6.1-cp313-cp313-win32.whl", hash = "sha256:3acd8c009317190c2bfd81db681ecef47d5eb108c2151d09596d9c7ea9df5c0e", size = 10249309, upload-time = "2024-09-29T11:10:23.329Z" },
    { url = "https://files.pythonhosted.org/packages/7e/11/17f7f319ca91824b86557e9303e3b7a71991ef17fd45286bf47d7f0a38e6/pygame-2.6.1-cp313-cp313-win_amd64.whl", hash = "sha256:813af4fba5d0b2cb8e58f5d95f7910295c34067dcc290d34f1be59c48bd1ea6a", size = 10620084, upload-time = "2024-09-29T11:48:51.587Z" },
]

[[package]]
name = "pygbag"
version = "0.9.3"
source = { registry = "https://pypi.org/simple" }
sdist = { url = "https://files.pythonhosted.org/packages/9f/85/a71c709305451264abede261cbb58ad964c08fcda4717ebbe2be473962bc/pygbag-0.9.3.tar.gz", hash = "sha256:e1a4d8027ed22fc7e453abe0b4abb35a7bfb4c39fa7f1d1b2a6b1f3a92696349", size = 156287, upload-time = "2026-02-12T19:29:46.935Z" }
wheels = [
    { url = "https://files.pythonhosted.org/packages/5d/5c/f0c741f4492bc4836625365e4b2e7edba034af0ff424201d49e62e65c67a/pygbag-0.9.3-py3-none-any.whl", hash = "sha256:ada203ff5a214f721029cb3b3741f641b032cde1ccaac60bc8dd9e641f3da3d5", size = 176071, upload-time = "2026-02-12T19:29:45.608Z" },
]

[[package]]
name = "pygments"
version = "2.20.0"
source = { registry = "https://pypi.org/simple" }
sdist = { url = "https://files.pythonhosted.org/packages/c3/b2/bc9c9196916376152d655522fdcebac55e66de6603a76a02bca1b6414f6c/pygments-2.20.0.tar.gz", hash = "sha256:6757cd03768053ff99f3039c1a36d6c0aa0b263438fcab17520b30a303a82b5f", size = 4955991, upload-time = "2026-03-29T13:29:33.898Z" }
wheels = [
    { url = "https://files.pythonhosted.org/packages/f4/7e/a72dd26f3b0f4f2bf1dd8923c85f7ceb43172af56d63c7383eb62b332364/pygments-2.20.0-py3-none-any.whl", hash = "sha256:81a9e26dd42fd28a23a2d169d86d7ac03b46e2f8b59ed4698fb4785f946d0176", size = 1231151, upload-time = "2026-03-29T13:29:30.038Z" },
]

[[package]]
name = "pytest"
version = "9.0.3"
source = { registry = "https://pypi.org/simple" }
dependencies = [
    { name = "colorama", marker = "sys_platform == 'win32'" },
    { name = "iniconfig" },
    { name = "packaging" },
    { name = "pluggy" },
    { name = "pygments" },
]
sdist = { url = "https://files.pythonhosted.org/packages/7d/0d/549bd94f1a0a402dc8cf64563a117c0f3765662e2e668477624baeec44d5/pytest-9.0.3.tar.gz", hash = "sha256:b86ada508af81d19edeb213c681b1d48246c1a91d304c6c81a427674c17eb91c", size = 1572165, upload-time = "2026-04-07T17:16:18.027Z" }
wheels = [
    { url = "https://files.pythonhosted.org/packages/d4/24/a372aaf5c9b7208e7112038812994107bc65a84cd00e0354a88c2c77a617/pytest-9.0.3-py3-none-any.whl", hash = "sha256:2c5efc453d45394fdd706ade797c0a81091eccd1d6e4bccfcd476e2b8e0ab5d9", size = 375249, upload-time = "2026-04-07T17:16:16.13Z" },
]

[[package]]
name = "ty"
version = "0.0.33"
source = { registry = "https://pypi.org/simple" }
sdist = { url = "https://files.pythonhosted.org/packages/84/44/9478c50c266826c1bf30d1692e589755bffa8f1c0a3eb7af8a346c255991/ty-0.0.33.tar.gz", hash = "sha256:46d63bda07403322cb6c28ccfdd5536be916e13df725c29f7ccd0a21f06bd9e8", size = 5559373, upload-time = "2026-04-28T10:45:13.18Z" }
wheels = [
    { url = "https://files.pythonhosted.org/packages/e9/24/e287388c63a19191be26b32ff4dbd06029834068150ebe2532939bc4c851/ty-0.0.33-py3-none-linux_armv6l.whl", hash = "sha256:94d0a9d2234261a8911396d59e506b5923fe0971dbda43b9dcea287936887fcc", size = 11021308, upload-time = "2026-04-28T10:45:43.34Z" },
    { url = "https://files.pythonhosted.org/packages/00/ca/ba1eed819895bd239fba8ee35dfcd5fcb266c203b0914a17a59579096bb5/ty-0.0.33-py3-none-macosx_10_12_x86_64.whl", hash = "sha256:e4a2b5ba078f90de342f56b5f7979bb77c9b9b1d8625a041352ffc6ee93c4073", size = 10777272, upload-time = "2026-04-28T10:45:32.905Z" },
    { url = "https://files.pythonhosted.org/packages/25/a8/c3131d37b44b3fea1d6654a1c929a0cd0873822f77a90482b8ec28f6fbbd/ty-0.0.33-py3-none-macosx_11_0_arm64.whl", hash = "sha256:84ff5707825e9af9668d2bcf66975f93e520a63b524ab494e3a8265735be2563", size = 10201078, upload-time = "2026-04-28T10:45:23.374Z" },
    { url = "https://files.pythonhosted.org/packages/7b/db/d8e37ff0045810cc65e1ff36aa0da0a2253c05659787ac987df8a16c7897/ty-0.0.33-py3-none-manylinux_2_17_aarch64.manylinux2014_aarch64.whl", hash = "sha256:e375285736f57886868e7af0b11c7b0ec5b6543fa15e7ad2a714fed9f077d4e0", size = 10732347, upload-time = "2026-04-28T10:45:21.444Z" },
    { url = "https://files.pythonhosted.org/packages/e0/1a/20e83a412506a918e4684fc67b567cf7cc13b105470b3428cb23c3d5aa13/ty-0.0.33-py3-none-manylinux_2_17_armv7l.manylinux2014_armv7l.whl", hash = "sha256:5680f6350c3b4e46b8bff6d7bb132366ea239463d6cad4892725d06046e65464", size = 10808238, upload-time = "2026-04-28T10:45:38.565Z" },
    { url = "https://files.pythonhosted.org/packages/5d/4b/d0a39f4464dc6cb4cc2c159473ce216bd1846bfb684c0323a3cb36dce5c6/ty-0.0.33-py3-none-manylinux_2_17_i686.manylinux2014_i686.whl", hash = "sha256:c5535538bad8d0f7e62bcdff02197cdb30e41451d80b35d27e17d128f2e1dc5d", size = 11288348, upload-time = "2026-04-28T10:45:08.419Z" },
    { url = "https://files.pythonhosted.org/packages/35/7e/f1745e0f9583363d7a83d9a4990fc244f76ecc30840ddad83dc16a33c52d/ty-0.0.33-py3-none-manylinux_2_17_ppc64le.manylinux2014_ppc64le.whl", hash = "sha256:da196c42bbbc069e1e21e3e52107c061aa9660352dae57a41930690b56e2c02d", size = 11789907, upload-time = "2026-04-28T10:45:19.064Z" },
    { url = "https://files.pythonhosted.org/packages/a5/71/25f39f46a12d662859d45bc648555d0661044eb43db6b5648c9947487da9/ty-0.0.33-py3-none-manylinux_2_17_s390x.manylinux2014_s390x.whl", hash = "sha256:9281672921ef6d4460e03146b5e6c18cb1a3e3a3b8a1a88f6f33226d05a469b7", size = 11500774, upload-time = "2026-04-28T10:45:48.012Z" },
    { url = "https://files.pythonhosted.org/packages/94/ec/136959ecbb7c71cb90537f5aea441c73f4ab24612868a6ecdc9d7444d32d/ty-0.0.33-py3-none-manylinux_2_17_x86_64.manylinux2014_x86_64.whl", hash = "sha256:82c1b8f303f82da64e878108e764be3ecbcd7c9903ac0a7f7031614ed00b97ab", size = 11360314, upload-time = "2026-04-28T10:45:05.402Z" },
    { url = "https://files.pythonhosted.org/packages/cf/95/32809575c222f00beed498cb728e9290a0f5009f930025381bb7253b2206/ty-0.0.33-py3-none-musllinux_1_2_aarch64.whl", hash = "sha256:efe3af412c9ff67bce5fa37d0a2b0d8555c24072b145a5bac6c79637f1c83abe", size = 10707785, upload-time = "2026-04-28T10:45:10.836Z" },
    { url = "https://files.pythonhosted.org/packages/13/89/c8e9531f7aa4a093359e15fa32c8e1277fbbe90d16894d7c6032d29f4b34/ty-0.0.33-py3-none-musllinux_1_2_armv7l.whl", hash = "sha256:aeec29c91ea768601747da546c3efc20b72c2fb1bd52bcc786a5c6eeff51d27b", size = 10834987, upload-time = "2026-04-28T10:45:40.738Z" },
    { url = "https://files.pythonhosted.org/packages/31/16/9835fbcf5338af1a1917bd28fdb8a7193c210b83f243aa286fa9f79cb3ad/ty-0.0.33-py3-none-musllinux_1_2_i686.whl", hash = "sha256:a535977c52bbb5f7e96b8b70a6ad375ad077f4a9ff2492508ea3816a2b403819", size = 10968968, upload-time = "2026-04-28T10:45:30.26Z" },
    { url = "https://files.pythonhosted.org/packages/36/69/64c76aabc1bc70c7f24b686cd93c3407f8ea430905e395f59bf9603ef571/ty-0.0.33-py3-none-musllinux_1_2_x86_64.whl", hash = "sha256:1d732facf39fcb221ba279d469c5040d37883e964f123b1563888efd34818180", size = 11458077, upload-time = "2026-04-28T10:45:45.971Z" },
    { url = "https://files.pythonhosted.org/packages/91/84/fae27b0c4718776a298690d31ca4cc1995f2e3e1c63a7b59e84c41498e9a/ty-0.0.33-py3-none-win32.whl", hash = "sha256:d90960b574428dc252f85e8598ec5fcb7f619794196b2fc95a90da075ed4681c", size = 10345364, upload-time = "2026-04-28T10:45:16.836Z" },
    { url = "https://files.pythonhosted.org/packages/3c/a0/a2938b23ae3e1a09a2d7c189e2ac5f7113676bae4e0e23948b568e18e5f8/ty-0.0.33-py3-none-win_amd64.whl", hash = "sha256:c1c3aec62c44de610c6e95f0a4e97ac3dbc07934bfdbf1fd90d758c9ff72f48e", size = 11342470, upload-time = "2026-04-28T10:45:26.455Z" },
    { url = "https://files.pythonhosted.org/packages/ab/62/7fb948aace38d2f6329261bb33c035a8484549c74f1db28649c7a4c6fed9/ty-0.0.33-py3-none-win_arm64.whl", hash = "sha256:0d44f99ba1b441e55e2aa301b2ac0a21112784931b46a5f66f4ea9efe5620d97", size = 10742673, upload-time = "2026-04-28T10:45:35.555Z" },
]
